<?xml version="1.0" encoding="utf-8"?>
<Project ToolsVersion="4.0" xmlns="http://schemas.microsoft.com/developer/msbuild/2003">
  <ItemGroup>
    <Filter Include="Source Files">
      <UniqueIdentifier>{4FC737F1-C7A5-4376-A066-2A32D752A2FF}</UniqueIdentifier>
      <Extensions>cpp;c;cc;cxx;def;odl;idl;hpj;bat;asm;asmx</Extensions>
    </Filter>
    <Filter Include="Source Files\Camera">
      <UniqueIdentifier>{dcaef082-5be0-4f27-bf63-85236746a4be}</UniqueIdentifier>
    </Filter>
    <Filter Include="Source Files\Core">
      <UniqueIdentifier>{2c3fba1b-4d34-4e00-8630-f514f6b9d1f5}</UniqueIdentifier>
    </Filter>
    <Filter Include="Source Files\Menus">
      <UniqueIdentifier>{784cc9df-421b-4ee7-a04d-aa62cbad8fcb}</UniqueIdentifier>
    </Filter>
  </ItemGroup>
  <ItemGroup>
    <ClCompile Include="..\..\..\SharedGameCode\Camera\SharedCamera3D.cpp">
      <Filter>Source Files\Camera</Filter>
    </ClCompile>
    <ClCompile Include="..\..\..\SharedGameCode\Menus\LanguageTable.cpp">
      <Filter>Source Files\Menus</Filter>
    </ClCompile>
    <ClCompile Include="..\..\..\SharedGameCode\Menus\MenuButton.cpp">
      <Filter>Source Files\Menus</Filter>
    </ClCompile>
    <ClCompile Include="..\..\..\SharedGameCode\Menus\MenuCheckBox.cpp">
      <Filter>Source Files\Menus</Filter>
    </ClCompile>
    <ClCompile Include="..\..\..\SharedGameCode\Menus\MenuDraggableButton.cpp">
      <Filter>Source Files\Menus</Filter>
    </ClCompile>
    <ClCompile Include="..\..\..\SharedGameCode\Menus\MenuInputBox.cpp">
      <Filter>Source Files\Menus</Filter>
    </ClCompile>
    <ClCompile Include="..\..\..\SharedGameCode\Menus\MenuItem.cpp">
      <Filter>Source Files\Menus</Filter>
    </ClCompile>
    <ClCompile Include="..\..\..\SharedGameCode\Menus\MenuScrollBox.cpp">
      <Filter>Source Files\Menus</Filter>
    </ClCompile>
    <ClCompile Include="..\..\..\SharedGameCode\Menus\MenuScrollingText.cpp">
      <Filter>Source Files\Menus</Filter>
    </ClCompile>
    <ClCompile Include="..\..\..\SharedGameCode\Menus\MenuSlider.cpp">
      <Filter>Source Files\Menus</Filter>
    </ClCompile>
    <ClCompile Include="..\..\..\SharedGameCode\Menus\MenuSprite.cpp">
      <Filter>Source Files\Menus</Filter>
    </ClCompile>
    <ClCompile Include="..\..\..\SharedGameCode\Menus\MenuText.cpp">
      <Filter>Source Files\Menus</Filter>
    </ClCompile>
    <ClCompile Include="..\..\..\SharedGameCode\Menus\Menu_Helpers.cpp">
      <Filter>Source Files\Menus</Filter>
    </ClCompile>
    <ClCompile Include="SharedCommonHeader.cpp">
      <Filter>Source Files</Filter>
    </ClCompile>
    <ClCompile Include="..\..\..\SharedGameCode\Core\MeshShapes.cpp">
      <Filter>Source Files\Core</Filter>
    </ClCompile>
    <ClCompile Include="..\..\..\SharedGameCode\Core\RenderTextQuick.cpp">
      <Filter>Source Files\Core</Filter>
    </ClCompile>
  </ItemGroup>
  <ItemGroup>
    <ClInclude Include="..\..\..\SharedGameCode\Camera\SharedCamera3D.h">
      <Filter>Source Files\Camera</Filter>
    </ClInclude>
    <ClInclude Include="..\..\..\SharedGameCode\Menus\LanguageTable.h">
      <Filter>Source Files\Menus</Filter>
    </ClInclude>
    <ClInclude Include="..\..\..\SharedGameCode\Menus\MenuButton.h">
      <Filter>Source Files\Menus</Filter>
    </ClInclude>
    <ClInclude Include="..\..\..\SharedGameCode\Menus\MenuCheckBox.h">
      <Filter>Source Files\Menus</Filter>
    </ClInclude>
    <ClInclude Include="..\..\..\SharedGameCode\Menus\MenuDraggableButton.h">
      <Filter>Source Files\Menus</Filter>
    </ClInclude>
    <ClInclude Include="..\..\..\SharedGameCode\Menus\MenuInputBox.h">
      <Filter>Source Files\Menus</Filter>
    </ClInclude>
    <ClInclude Include="..\..\..\SharedGameCode\Menus\MenuItem.h">
      <Filter>Source Files\Menus</Filter>
    </ClInclude>
    <ClInclude Include="..\..\..\SharedGameCode\Menus\MenuScrollBox.h">
      <Filter>Source Files\Menus</Filter>
    </ClInclude>
    <ClInclude Include="..\..\..\SharedGameCode\Menus\MenuScrollingText.h">
      <Filter>Source Files\Menus</Filter>
    </ClInclude>
    <ClInclude Include="..\..\..\SharedGameCode\Menus\MenuSlider.h">
      <Filter>Source Files\Menus</Filter>
    </ClInclude>
    <ClInclude Include="..\..\..\SharedGameCode\Menus\MenuSprite.h">
      <Filter>Source Files\Menus</Filter>
    </ClInclude>
    <ClInclude Include="..\..\..\SharedGameCode\Menus\MenuText.h">
      <Filter>Source Files\Menus</Filter>
    </ClInclude>
    <ClInclude Include="..\..\..\SharedGameCode\Menus\Menu_Helpers.h">
      <Filter>Source Files\Menus</Filter>
    </ClInclude>
    <ClInclude Include="SharedCommonHeader.h">
      <Filter>Source Files</Filter>
    </ClInclude>
    <ClInclude Include="..\..\..\SharedGameCode\Core\MeshShapes.h">
      <Filter>Source Files\Core</Filter>
    </ClInclude>
    <ClInclude Include="..\..\..\SharedGameCode\Core\RenderTextQuick.h">
      <Filter>Source Files\Core</Filter>
    </ClInclude>
  </ItemGroup>
</Project>