
Microsoft Visual Studio Solution File, Format Version 11.00
# Visual Studio 2010
Project("{8BC9CEB8-8B4A-11D0-8D11-00A0C91BC942}") = "MyFramework", "..\Framework\MyFramework\MyFramework.vcxproj", "{016089D0-2136-4A3D-B08C-5031542BE1D7}"
	ProjectSection(ProjectDependencies) = postProject
		{98400D17-43A5-1A40-95BE-C53AC78E7694} = {98400D17-43A5-1A40-95BE-C53AC78E7694}
	EndProjectSection
EndProject
Project("{8BC9CEB8-8B4A-11D0-8D11-00A0C91BC942}") = "Box2D", "..\Framework\Box2D_v2.2.1\Build\vs2010\Box2D.vcxproj", "{98400D17-43A5-1A40-95BE-C53AC78E7694}"
EndProject
Project("{8BC9CEB8-8B4A-11D0-8D11-00A0C91BC942}") = "EntityComponentTest", "Game\EntityComponentTest.vcxproj", "{D8DEB2B5-B577-4E8A-88AF-2C8A144D3DDB}"
	ProjectSection(ProjectDependencies) = postProject
		{A7B4F728-CD19-254F-9FCF-A61F9B8780F4} = {A7B4F728-CD19-254F-9FCF-A61F9B8780F4}
		{8062A361-D17E-3544-9A57-FC35F4434AEC} = {8062A361-D17E-3544-9A57-FC35F4434AEC}
		{A43E1599-6DF5-3F44-8B0B-DEC8F4DC0C74} = {A43E1599-6DF5-3F44-8B0B-DEC8F4DC0C74}
		{016089D0-2136-4A3D-B08C-5031542BE1D7} = {016089D0-2136-4A3D-B08C-5031542BE1D7}
	EndProjectSection
EndProject
Project("{8BC9CEB8-8B4A-11D0-8D11-00A0C91BC942}") = "BulletCollision", "..\bullet\build\vs2010\BulletCollision.vcxproj", "{A43E1599-6DF5-3F44-8B0B-DEC8F4DC0C74}"
EndProject
Project("{8BC9CEB8-8B4A-11D0-8D11-00A0C91BC942}") = "BulletDynamics", "..\bullet\build\vs2010\BulletDynamics.vcxproj", "{A7B4F728-CD19-254F-9FCF-A61F9B8780F4}"
EndProject
Project("{8BC9CEB8-8B4A-11D0-8D11-00A0C91BC942}") = "LinearMath", "..\bullet\build\vs2010\LinearMath.vcxproj", "{8062A361-D17E-3544-9A57-FC35F4434AEC}"
EndProject
Global
	GlobalSection(SolutionConfigurationPlatforms) = preSolution
		Debug_64|Android = Debug_64|Android
		Debug_64|Emscripten = Debug_64|Emscripten
		Debug_64|NaCl32 = Debug_64|NaCl32
		Debug_64|NaCl64 = Debug_64|NaCl64
		Debug_64|Win32 = Debug_64|Win32
		Debug_64|x64 = Debug_64|x64
		Debug|Android = Debug|Android
		Debug|Emscripten = Debug|Emscripten
		Debug|NaCl32 = Debug|NaCl32
		Debug|NaCl64 = Debug|NaCl64
		Debug|Win32 = Debug|Win32
		Debug|x64 = Debug|x64
		Release_64|Android = Release_64|Android
		Release_64|Emscripten = Release_64|Emscripten
		Release_64|NaCl32 = Release_64|NaCl32
		Release_64|NaCl64 = Release_64|NaCl64
		Release_64|Win32 = Release_64|Win32
		Release_64|x64 = Release_64|x64
		Release|Android = Release|Android
		Release|Emscripten = Release|Emscripten
		Release|NaCl32 = Release|NaCl32
		Release|NaCl64 = Release|NaCl64
		Release|Win32 = Release|Win32
		Release|x64 = Release|x64
		WxDebug|Android = WxDebug|Android
		WxDebug|Emscripten = WxDebug|Emscripten
		WxDebug|NaCl32 = WxDebug|NaCl32
		WxDebug|NaCl64 = WxDebug|NaCl64
		WxDebug|Win32 = WxDebug|Win32
		WxDebug|x64 = WxDebug|x64
		WxRelease|Android = WxRelease|Android
		WxRelease|Emscripten = WxRelease|Emscripten
		WxRelease|NaCl32 = WxRelease|NaCl32
		WxRelease|NaCl64 = WxRelease|NaCl64
		WxRelease|Win32 = WxRelease|Win32
		WxRelease|x64 = WxRelease|x64
	EndGlobalSection
	GlobalSection(ProjectConfigurationPlatforms) = postSolution
		{016089D0-2136-4A3D-B08C-5031542BE1D7}.Debug_64|Android.ActiveCfg = Debug|Android
		{016089D0-2136-4A3D-B08C-5031542BE1D7}.Debug_64|Emscripten.ActiveCfg = Debug|Win32
		{016089D0-2136-4A3D-B08C-5031542BE1D7}.Debug_64|NaCl32.ActiveCfg = Debug|Win32
		{016089D0-2136-4A3D-B08C-5031542BE1D7}.Debug_64|NaCl64.ActiveCfg = Debug|Win32
		{016089D0-2136-4A3D-B08C-5031542BE1D7}.Debug_64|Win32.ActiveCfg = Debug|Win32
		{016089D0-2136-4A3D-B08C-5031542BE1D7}.Debug_64|x64.ActiveCfg = Debug_64|Win32
		{016089D0-2136-4A3D-B08C-5031542BE1D7}.Debug|Android.ActiveCfg = Debug|Android
		{016089D0-2136-4A3D-B08C-5031542BE1D7}.Debug|Android.Build.0 = Debug|Android
		{016089D0-2136-4A3D-B08C-5031542BE1D7}.Debug|Emscripten.ActiveCfg = Debug|Emscripten
		{016089D0-2136-4A3D-B08C-5031542BE1D7}.Debug|Emscripten.Build.0 = Debug|Emscripten
		{016089D0-2136-4A3D-B08C-5031542BE1D7}.Debug|NaCl32.ActiveCfg = Debug|NaCl32
		{016089D0-2136-4A3D-B08C-5031542BE1D7}.Debug|NaCl32.Build.0 = Debug|NaCl32
		{016089D0-2136-4A3D-B08C-5031542BE1D7}.Debug|NaCl64.ActiveCfg = Debug|NaCl64
		{016089D0-2136-4A3D-B08C-5031542BE1D7}.Debug|NaCl64.Build.0 = Debug|NaCl64
		{016089D0-2136-4A3D-B08C-5031542BE1D7}.Debug|Win32.ActiveCfg = Debug|Win32
		{016089D0-2136-4A3D-B08C-5031542BE1D7}.Debug|Win32.Build.0 = Debug|Win32
		{016089D0-2136-4A3D-B08C-5031542BE1D7}.Debug|x64.ActiveCfg = Debug|Win32
		{016089D0-2136-4A3D-B08C-5031542BE1D7}.Release_64|Android.ActiveCfg = Release|Android
		{016089D0-2136-4A3D-B08C-5031542BE1D7}.Release_64|Emscripten.ActiveCfg = Release|Win32
		{016089D0-2136-4A3D-B08C-5031542BE1D7}.Release_64|NaCl32.ActiveCfg = Release|Win32
		{016089D0-2136-4A3D-B08C-5031542BE1D7}.Release_64|NaCl64.ActiveCfg = Release|Win32
		{016089D0-2136-4A3D-B08C-5031542BE1D7}.Release_64|Win32.ActiveCfg = Release|Win32
		{016089D0-2136-4A3D-B08C-5031542BE1D7}.Release_64|x64.ActiveCfg = Release_64|Win32
		{016089D0-2136-4A3D-B08C-5031542BE1D7}.Release|Android.ActiveCfg = Release|Android
		{016089D0-2136-4A3D-B08C-5031542BE1D7}.Release|Android.Build.0 = Release|Android
		{016089D0-2136-4A3D-B08C-5031542BE1D7}.Release|Emscripten.ActiveCfg = Release|Emscripten
		{016089D0-2136-4A3D-B08C-5031542BE1D7}.Release|Emscripten.Build.0 = Release|Emscripten
		{016089D0-2136-4A3D-B08C-5031542BE1D7}.Release|NaCl32.ActiveCfg = Release|Win32
		{016089D0-2136-4A3D-B08C-5031542BE1D7}.Release|NaCl32.Build.0 = Release|Win32
		{016089D0-2136-4A3D-B08C-5031542BE1D7}.Release|NaCl64.ActiveCfg = Release|Win32
		{016089D0-2136-4A3D-B08C-5031542BE1D7}.Release|NaCl64.Build.0 = Release|Win32
		{016089D0-2136-4A3D-B08C-5031542BE1D7}.Release|Win32.ActiveCfg = Release|Win32
		{016089D0-2136-4A3D-B08C-5031542BE1D7}.Release|Win32.Build.0 = Release|Win32
		{016089D0-2136-4A3D-B08C-5031542BE1D7}.Release|x64.ActiveCfg = Release|Win32
		{016089D0-2136-4A3D-B08C-5031542BE1D7}.WxDebug|Android.ActiveCfg = Debug|Android
		{016089D0-2136-4A3D-B08C-5031542BE1D7}.WxDebug|Android.Build.0 = Debug|Android
		{016089D0-2136-4A3D-B08C-5031542BE1D7}.WxDebug|Emscripten.ActiveCfg = WxDebug|Win32
		{016089D0-2136-4A3D-B08C-5031542BE1D7}.WxDebug|NaCl32.ActiveCfg = WxDebug|Win32
		{016089D0-2136-4A3D-B08C-5031542BE1D7}.WxDebug|NaCl32.Build.0 = WxDebug|Win32
		{016089D0-2136-4A3D-B08C-5031542BE1D7}.WxDebug|NaCl64.ActiveCfg = WxDebug|Win32
		{016089D0-2136-4A3D-B08C-5031542BE1D7}.WxDebug|NaCl64.Build.0 = WxDebug|Win32
		{016089D0-2136-4A3D-B08C-5031542BE1D7}.WxDebug|Win32.ActiveCfg = WxDebug|Win32
		{016089D0-2136-4A3D-B08C-5031542BE1D7}.WxDebug|Win32.Build.0 = WxDebug|Win32
		{016089D0-2136-4A3D-B08C-5031542BE1D7}.WxDebug|x64.ActiveCfg = WxDebug|Win32
		{016089D0-2136-4A3D-B08C-5031542BE1D7}.WxRelease|Android.ActiveCfg = Release|Android
		{016089D0-2136-4A3D-B08C-5031542BE1D7}.WxRelease|Android.Build.0 = Release|Android
		{016089D0-2136-4A3D-B08C-5031542BE1D7}.WxRelease|Emscripten.ActiveCfg = WxRelease|Win32
		{016089D0-2136-4A3D-B08C-5031542BE1D7}.WxRelease|NaCl32.ActiveCfg = WxRelease|Win32
		{016089D0-2136-4A3D-B08C-5031542BE1D7}.WxRelease|NaCl32.Build.0 = WxRelease|Win32
		{016089D0-2136-4A3D-B08C-5031542BE1D7}.WxRelease|NaCl64.ActiveCfg = WxRelease|Win32
		{016089D0-2136-4A3D-B08C-5031542BE1D7}.WxRelease|NaCl64.Build.0 = WxRelease|Win32
		{016089D0-2136-4A3D-B08C-5031542BE1D7}.WxRelease|Win32.ActiveCfg = WxRelease|Win32
		{016089D0-2136-4A3D-B08C-5031542BE1D7}.WxRelease|Win32.Build.0 = WxRelease|Win32
		{016089D0-2136-4A3D-B08C-5031542BE1D7}.WxRelease|x64.ActiveCfg = WxRelease|Win32
		{98400D17-43A5-1A40-95BE-C53AC78E7694}.Debug_64|Android.ActiveCfg = Debug|Win32
		{98400D17-43A5-1A40-95BE-C53AC78E7694}.Debug_64|Emscripten.ActiveCfg = Debug|Win32
		{98400D17-43A5-1A40-95BE-C53AC78E7694}.Debug_64|NaCl32.ActiveCfg = Debug|Win32
		{98400D17-43A5-1A40-95BE-C53AC78E7694}.Debug_64|NaCl64.ActiveCfg = Debug|Win32
		{98400D17-43A5-1A40-95BE-C53AC78E7694}.Debug_64|Win32.ActiveCfg = Debug|Win32
		{98400D17-43A5-1A40-95BE-C53AC78E7694}.Debug_64|x64.ActiveCfg = Debug|x64
		{98400D17-43A5-1A40-95BE-C53AC78E7694}.Debug_64|x64.Build.0 = Debug|x64
		{98400D17-43A5-1A40-95BE-C53AC78E7694}.Debug|Android.ActiveCfg = Debug|Win32
		{98400D17-43A5-1A40-95BE-C53AC78E7694}.Debug|Emscripten.ActiveCfg = Debug|Win32
		{98400D17-43A5-1A40-95BE-C53AC78E7694}.Debug|Emscripten.Build.0 = Debug|Win32
		{98400D17-43A5-1A40-95BE-C53AC78E7694}.Debug|NaCl32.ActiveCfg = Debug|Win32
		{98400D17-43A5-1A40-95BE-C53AC78E7694}.Debug|NaCl64.ActiveCfg = Debug|Win32
		{98400D17-43A5-1A40-95BE-C53AC78E7694}.Debug|Win32.ActiveCfg = Debug|Win32
		{98400D17-43A5-1A40-95BE-C53AC78E7694}.Debug|Win32.Build.0 = Debug|Win32
		{98400D17-43A5-1A40-95BE-C53AC78E7694}.Debug|x64.ActiveCfg = Debug|x64
		{98400D17-43A5-1A40-95BE-C53AC78E7694}.Debug|x64.Build.0 = Debug|x64
		{98400D17-43A5-1A40-95BE-C53AC78E7694}.Release_64|Android.ActiveCfg = Release|Win32
		{98400D17-43A5-1A40-95BE-C53AC78E7694}.Release_64|Emscripten.ActiveCfg = Release|Win32
		{98400D17-43A5-1A40-95BE-C53AC78E7694}.Release_64|NaCl32.ActiveCfg = Release|Win32
		{98400D17-43A5-1A40-95BE-C53AC78E7694}.Release_64|NaCl64.ActiveCfg = Release|Win32
		{98400D17-43A5-1A40-95BE-C53AC78E7694}.Release_64|Win32.ActiveCfg = Release|Win32
		{98400D17-43A5-1A40-95BE-C53AC78E7694}.Release_64|x64.ActiveCfg = Release|x64
		{98400D17-43A5-1A40-95BE-C53AC78E7694}.Release_64|x64.Build.0 = Release|x64
		{98400D17-43A5-1A40-95BE-C53AC78E7694}.Release|Android.ActiveCfg = Release|Win32
		{98400D17-43A5-1A40-95BE-C53AC78E7694}.Release|Emscripten.ActiveCfg = Release|Win32
		{98400D17-43A5-1A40-95BE-C53AC78E7694}.Release|Emscripten.Build.0 = Release|Win32
		{98400D17-43A5-1A40-95BE-C53AC78E7694}.Release|NaCl32.ActiveCfg = Release|Win32
		{98400D17-43A5-1A40-95BE-C53AC78E7694}.Release|NaCl32.Build.0 = Release|Win32
		{98400D17-43A5-1A40-95BE-C53AC78E7694}.Release|NaCl64.ActiveCfg = Release|Win32
		{98400D17-43A5-1A40-95BE-C53AC78E7694}.Release|NaCl64.Build.0 = Release|Win32
		{98400D17-43A5-1A40-95BE-C53AC78E7694}.Release|Win32.ActiveCfg = Release|Win32
		{98400D17-43A5-1A40-95BE-C53AC78E7694}.Release|Win32.Build.0 = Release|Win32
		{98400D17-43A5-1A40-95BE-C53AC78E7694}.Release|x64.ActiveCfg = Release|x64
		{98400D17-43A5-1A40-95BE-C53AC78E7694}.Release|x64.Build.0 = Release|x64
		{98400D17-43A5-1A40-95BE-C53AC78E7694}.WxDebug|Android.ActiveCfg = Debug|Win32
		{98400D17-43A5-1A40-95BE-C53AC78E7694}.WxDebug|Emscripten.ActiveCfg = Debug|Win32
		{98400D17-43A5-1A40-95BE-C53AC78E7694}.WxDebug|NaCl32.ActiveCfg = Debug|Win32
		{98400D17-43A5-1A40-95BE-C53AC78E7694}.WxDebug|NaCl32.Build.0 = Debug|Win32
		{98400D17-43A5-1A40-95BE-C53AC78E7694}.WxDebug|NaCl64.ActiveCfg = Debug|Win32
		{98400D17-43A5-1A40-95BE-C53AC78E7694}.WxDebug|NaCl64.Build.0 = Debug|Win32
		{98400D17-43A5-1A40-95BE-C53AC78E7694}.WxDebug|Win32.ActiveCfg = Debug|Win32
		{98400D17-43A5-1A40-95BE-C53AC78E7694}.WxDebug|Win32.Build.0 = Debug|Win32
		{98400D17-43A5-1A40-95BE-C53AC78E7694}.WxDebug|x64.ActiveCfg = Debug|x64
		{98400D17-43A5-1A40-95BE-C53AC78E7694}.WxDebug|x64.Build.0 = Debug|x64
		{98400D17-43A5-1A40-95BE-C53AC78E7694}.WxRelease|Android.ActiveCfg = Release|Win32
		{98400D17-43A5-1A40-95BE-C53AC78E7694}.WxRelease|Emscripten.ActiveCfg = Release|Win32
		{98400D17-43A5-1A40-95BE-C53AC78E7694}.WxRelease|NaCl32.ActiveCfg = Release|Win32
		{98400D17-43A5-1A40-95BE-C53AC78E7694}.WxRelease|NaCl32.Build.0 = Release|Win32
		{98400D17-43A5-1A40-95BE-C53AC78E7694}.WxRelease|NaCl64.ActiveCfg = Release|Win32
		{98400D17-43A5-1A40-95BE-C53AC78E7694}.WxRelease|NaCl64.Build.0 = Release|Win32
		{98400D17-43A5-1A40-95BE-C53AC78E7694}.WxRelease|Win32.ActiveCfg = Release|Win32
		{98400D17-43A5-1A40-95BE-C53AC78E7694}.WxRelease|Win32.Build.0 = Release|Win32
		{98400D17-43A5-1A40-95BE-C53AC78E7694}.WxRelease|x64.ActiveCfg = Release|x64
		{98400D17-43A5-1A40-95BE-C53AC78E7694}.WxRelease|x64.Build.0 = Release|x64
		{D8DEB2B5-B577-4E8A-88AF-2C8A144D3DDB}.Debug_64|Android.ActiveCfg = Debug|Win32
		{D8DEB2B5-B577-4E8A-88AF-2C8A144D3DDB}.Debug_64|Emscripten.ActiveCfg = Debug|Win32
		{D8DEB2B5-B577-4E8A-88AF-2C8A144D3DDB}.Debug_64|NaCl32.ActiveCfg = Debug|Win32
		{D8DEB2B5-B577-4E8A-88AF-2C8A144D3DDB}.Debug_64|NaCl32.Build.0 = Debug|Win32
		{D8DEB2B5-B577-4E8A-88AF-2C8A144D3DDB}.Debug_64|NaCl64.ActiveCfg = Debug|Win32
		{D8DEB2B5-B577-4E8A-88AF-2C8A144D3DDB}.Debug_64|NaCl64.Build.0 = Debug|Win32
		{D8DEB2B5-B577-4E8A-88AF-2C8A144D3DDB}.Debug_64|Win32.ActiveCfg = Debug|Win32
		{D8DEB2B5-B577-4E8A-88AF-2C8A144D3DDB}.Debug_64|Win32.Build.0 = Debug|Win32
		{D8DEB2B5-B577-4E8A-88AF-2C8A144D3DDB}.Debug_64|x64.ActiveCfg = Debug_64|Win32
		{D8DEB2B5-B577-4E8A-88AF-2C8A144D3DDB}.Debug|Android.ActiveCfg = Debug|Android
		{D8DEB2B5-B577-4E8A-88AF-2C8A144D3DDB}.Debug|Android.Build.0 = Debug|Android
		{D8DEB2B5-B577-4E8A-88AF-2C8A144D3DDB}.Debug|Emscripten.ActiveCfg = Debug|Emscripten
		{D8DEB2B5-B577-4E8A-88AF-2C8A144D3DDB}.Debug|Emscripten.Build.0 = Debug|Emscripten
		{D8DEB2B5-B577-4E8A-88AF-2C8A144D3DDB}.Debug|NaCl32.ActiveCfg = Debug|NaCl32
		{D8DEB2B5-B577-4E8A-88AF-2C8A144D3DDB}.Debug|NaCl32.Build.0 = Debug|NaCl32
		{D8DEB2B5-B577-4E8A-88AF-2C8A144D3DDB}.Debug|NaCl64.ActiveCfg = Debug|NaCl64
		{D8DEB2B5-B577-4E8A-88AF-2C8A144D3DDB}.Debug|NaCl64.Build.0 = Debug|NaCl64
		{D8DEB2B5-B577-4E8A-88AF-2C8A144D3DDB}.Debug|Win32.ActiveCfg = Debug|Win32
		{D8DEB2B5-B577-4E8A-88AF-2C8A144D3DDB}.Debug|Win32.Build.0 = Debug|Win32
		{D8DEB2B5-B577-4E8A-88AF-2C8A144D3DDB}.Debug|x64.ActiveCfg = Debug|Win32
		{D8DEB2B5-B577-4E8A-88AF-2C8A144D3DDB}.Release_64|Android.ActiveCfg = Release|Win32
		{D8DEB2B5-B577-4E8A-88AF-2C8A144D3DDB}.Release_64|Emscripten.ActiveCfg = Release|Win32
		{D8DEB2B5-B577-4E8A-88AF-2C8A144D3DDB}.Release_64|NaCl32.ActiveCfg = Release|Win32
		{D8DEB2B5-B577-4E8A-88AF-2C8A144D3DDB}.Release_64|NaCl32.Build.0 = Release|Win32
		{D8DEB2B5-B577-4E8A-88AF-2C8A144D3DDB}.Release_64|NaCl64.ActiveCfg = Release|Win32
		{D8DEB2B5-B577-4E8A-88AF-2C8A144D3DDB}.Release_64|NaCl64.Build.0 = Release|Win32
		{D8DEB2B5-B577-4E8A-88AF-2C8A144D3DDB}.Release_64|Win32.ActiveCfg = Release|Win32
		{D8DEB2B5-B577-4E8A-88AF-2C8A144D3DDB}.Release_64|Win32.Build.0 = Release|Win32
		{D8DEB2B5-B577-4E8A-88AF-2C8A144D3DDB}.Release_64|x64.ActiveCfg = Release_64|Win32
		{D8DEB2B5-B577-4E8A-88AF-2C8A144D3DDB}.Release|Android.ActiveCfg = Release|Android
		{D8DEB2B5-B577-4E8A-88AF-2C8A144D3DDB}.Release|Android.Build.0 = Release|Android
		{D8DEB2B5-B577-4E8A-88AF-2C8A144D3DDB}.Release|Emscripten.ActiveCfg = Release|Emscripten
		{D8DEB2B5-B577-4E8A-88AF-2C8A144D3DDB}.Release|Emscripten.Build.0 = Release|Emscripten
		{D8DEB2B5-B577-4E8A-88AF-2C8A144D3DDB}.Release|NaCl32.ActiveCfg = Release|Win32
		{D8DEB2B5-B577-4E8A-88AF-2C8A144D3DDB}.Release|NaCl32.Build.0 = Release|Win32
		{D8DEB2B5-B577-4E8A-88AF-2C8A144D3DDB}.Release|NaCl64.ActiveCfg = Release|Win32
		{D8DEB2B5-B577-4E8A-88AF-2C8A144D3DDB}.Release|NaCl64.Build.0 = Release|Win32
		{D8DEB2B5-B577-4E8A-88AF-2C8A144D3DDB}.Release|Win32.ActiveCfg = Release|Win32
		{D8DEB2B5-B577-4E8A-88AF-2C8A144D3DDB}.Release|Win32.Build.0 = Release|Win32
		{D8DEB2B5-B577-4E8A-88AF-2C8A144D3DDB}.Release|x64.ActiveCfg = Release|Win32
		{D8DEB2B5-B577-4E8A-88AF-2C8A144D3DDB}.WxDebug|Android.ActiveCfg = Debug|Android
		{D8DEB2B5-B577-4E8A-88AF-2C8A144D3DDB}.WxDebug|Android.Build.0 = Debug|Android
		{D8DEB2B5-B577-4E8A-88AF-2C8A144D3DDB}.WxDebug|Emscripten.ActiveCfg = WxDebug|Win32
		{D8DEB2B5-B577-4E8A-88AF-2C8A144D3DDB}.WxDebug|NaCl32.ActiveCfg = WxDebug|Win32
		{D8DEB2B5-B577-4E8A-88AF-2C8A144D3DDB}.WxDebug|NaCl32.Build.0 = WxDebug|Win32
		{D8DEB2B5-B577-4E8A-88AF-2C8A144D3DDB}.WxDebug|NaCl64.ActiveCfg = WxDebug|Win32
		{D8DEB2B5-B577-4E8A-88AF-2C8A144D3DDB}.WxDebug|NaCl64.Build.0 = WxDebug|Win32
		{D8DEB2B5-B577-4E8A-88AF-2C8A144D3DDB}.WxDebug|Win32.ActiveCfg = WxDebug|Win32
		{D8DEB2B5-B577-4E8A-88AF-2C8A144D3DDB}.WxDebug|Win32.Build.0 = WxDebug|Win32
		{D8DEB2B5-B577-4E8A-88AF-2C8A144D3DDB}.WxDebug|x64.ActiveCfg = WxDebug|Win32
		{D8DEB2B5-B577-4E8A-88AF-2C8A144D3DDB}.WxRelease|Android.ActiveCfg = Release|Android
		{D8DEB2B5-B577-4E8A-88AF-2C8A144D3DDB}.WxRelease|Android.Build.0 = Release|Android
		{D8DEB2B5-B577-4E8A-88AF-2C8A144D3DDB}.WxRelease|Emscripten.ActiveCfg = WxRelease|Win32
		{D8DEB2B5-B577-4E8A-88AF-2C8A144D3DDB}.WxRelease|NaCl32.ActiveCfg = WxRelease|Win32
		{D8DEB2B5-B577-4E8A-88AF-2C8A144D3DDB}.WxRelease|NaCl32.Build.0 = WxRelease|Win32
		{D8DEB2B5-B577-4E8A-88AF-2C8A144D3DDB}.WxRelease|NaCl64.ActiveCfg = WxRelease|Win32
		{D8DEB2B5-B577-4E8A-88AF-2C8A144D3DDB}.WxRelease|NaCl64.Build.0 = WxRelease|Win32
		{D8DEB2B5-B577-4E8A-88AF-2C8A144D3DDB}.WxRelease|Win32.ActiveCfg = WxRelease|Win32
		{D8DEB2B5-B577-4E8A-88AF-2C8A144D3DDB}.WxRelease|Win32.Build.0 = WxRelease|Win32
		{D8DEB2B5-B577-4E8A-88AF-2C8A144D3DDB}.WxRelease|x64.ActiveCfg = WxRelease|Win32
		{A43E1599-6DF5-3F44-8B0B-DEC8F4DC0C74}.Debug_64|Android.ActiveCfg = Debug|x64
		{A43E1599-6DF5-3F44-8B0B-DEC8F4DC0C74}.Debug_64|Emscripten.ActiveCfg = Debug|x64
		{A43E1599-6DF5-3F44-8B0B-DEC8F4DC0C74}.Debug_64|NaCl32.ActiveCfg = Debug|x64
		{A43E1599-6DF5-3F44-8B0B-DEC8F4DC0C74}.Debug_64|NaCl64.ActiveCfg = Debug|x64
		{A43E1599-6DF5-3F44-8B0B-DEC8F4DC0C74}.Debug_64|Win32.ActiveCfg = Debug|x64
		{A43E1599-6DF5-3F44-8B0B-DEC8F4DC0C74}.Debug_64|x64.ActiveCfg = Debug|x64
		{A43E1599-6DF5-3F44-8B0B-DEC8F4DC0C74}.Debug_64|x64.Build.0 = Debug|x64
		{A43E1599-6DF5-3F44-8B0B-DEC8F4DC0C74}.Debug|Android.ActiveCfg = Debug|x64
		{A43E1599-6DF5-3F44-8B0B-DEC8F4DC0C74}.Debug|Emscripten.ActiveCfg = Debug|x64
		{A43E1599-6DF5-3F44-8B0B-DEC8F4DC0C74}.Debug|NaCl32.ActiveCfg = Debug|x64
		{A43E1599-6DF5-3F44-8B0B-DEC8F4DC0C74}.Debug|NaCl64.ActiveCfg = Debug|x64
		{A43E1599-6DF5-3F44-8B0B-DEC8F4DC0C74}.Debug|Win32.ActiveCfg = Debug|Win32
		{A43E1599-6DF5-3F44-8B0B-DEC8F4DC0C74}.Debug|Win32.Build.0 = Debug|Win32
		{A43E1599-6DF5-3F44-8B0B-DEC8F4DC0C74}.Debug|x64.ActiveCfg = Debug|x64
		{A43E1599-6DF5-3F44-8B0B-DEC8F4DC0C74}.Debug|x64.Build.0 = Debug|x64
		{A43E1599-6DF5-3F44-8B0B-DEC8F4DC0C74}.Release_64|Android.ActiveCfg = Release|x64
		{A43E1599-6DF5-3F44-8B0B-DEC8F4DC0C74}.Release_64|Emscripten.ActiveCfg = Release|x64
		{A43E1599-6DF5-3F44-8B0B-DEC8F4DC0C74}.Release_64|NaCl32.ActiveCfg = Release|x64
		{A43E1599-6DF5-3F44-8B0B-DEC8F4DC0C74}.Release_64|NaCl64.ActiveCfg = Release|x64
		{A43E1599-6DF5-3F44-8B0B-DEC8F4DC0C74}.Release_64|Win32.ActiveCfg = Release|x64
		{A43E1599-6DF5-3F44-8B0B-DEC8F4DC0C74}.Release_64|x64.ActiveCfg = Release|x64
		{A43E1599-6DF5-3F44-8B0B-DEC8F4DC0C74}.Release_64|x64.Build.0 = Release|x64
		{A43E1599-6DF5-3F44-8B0B-DEC8F4DC0C74}.Release|Android.ActiveCfg = Release|x64
		{A43E1599-6DF5-3F44-8B0B-DEC8F4DC0C74}.Release|Emscripten.ActiveCfg = Release|x64
		{A43E1599-6DF5-3F44-8B0B-DEC8F4DC0C74}.Release|NaCl32.ActiveCfg = Release|x64
		{A43E1599-6DF5-3F44-8B0B-DEC8F4DC0C74}.Release|NaCl64.ActiveCfg = Release|x64
		{A43E1599-6DF5-3F44-8B0B-DEC8F4DC0C74}.Release|Win32.ActiveCfg = Release|Win32
		{A43E1599-6DF5-3F44-8B0B-DEC8F4DC0C74}.Release|Win32.Build.0 = Release|Win32
		{A43E1599-6DF5-3F44-8B0B-DEC8F4DC0C74}.Release|x64.ActiveCfg = Release|x64
		{A43E1599-6DF5-3F44-8B0B-DEC8F4DC0C74}.Release|x64.Build.0 = Release|x64
		{A43E1599-6DF5-3F44-8B0B-DEC8F4DC0C74}.WxDebug|Android.ActiveCfg = Debug|x64
		{A43E1599-6DF5-3F44-8B0B-DEC8F4DC0C74}.WxDebug|Emscripten.ActiveCfg = Debug|x64
		{A43E1599-6DF5-3F44-8B0B-DEC8F4DC0C74}.WxDebug|NaCl32.ActiveCfg = Debug|x64
		{A43E1599-6DF5-3F44-8B0B-DEC8F4DC0C74}.WxDebug|NaCl64.ActiveCfg = Debug|x64
		{A43E1599-6DF5-3F44-8B0B-DEC8F4DC0C74}.WxDebug|Win32.ActiveCfg = Debug|Win32
		{A43E1599-6DF5-3F44-8B0B-DEC8F4DC0C74}.WxDebug|Win32.Build.0 = Debug|Win32
		{A43E1599-6DF5-3F44-8B0B-DEC8F4DC0C74}.WxDebug|x64.ActiveCfg = Debug|x64
		{A43E1599-6DF5-3F44-8B0B-DEC8F4DC0C74}.WxDebug|x64.Build.0 = Debug|x64
		{A43E1599-6DF5-3F44-8B0B-DEC8F4DC0C74}.WxRelease|Android.ActiveCfg = Release|x64
		{A43E1599-6DF5-3F44-8B0B-DEC8F4DC0C74}.WxRelease|Emscripten.ActiveCfg = Release|x64
		{A43E1599-6DF5-3F44-8B0B-DEC8F4DC0C74}.WxRelease|NaCl32.ActiveCfg = Release|x64
		{A43E1599-6DF5-3F44-8B0B-DEC8F4DC0C74}.WxRelease|NaCl64.ActiveCfg = Release|x64
		{A43E1599-6DF5-3F44-8B0B-DEC8F4DC0C74}.WxRelease|Win32.ActiveCfg = Release|Win32
		{A43E1599-6DF5-3F44-8B0B-DEC8F4DC0C74}.WxRelease|Win32.Build.0 = Release|Win32
		{A43E1599-6DF5-3F44-8B0B-DEC8F4DC0C74}.WxRelease|x64.ActiveCfg = Release|x64
		{A43E1599-6DF5-3F44-8B0B-DEC8F4DC0C74}.WxRelease|x64.Build.0 = Release|x64
		{A7B4F728-CD19-254F-9FCF-A61F9B8780F4}.Debug_64|Android.ActiveCfg = Debug|x64
		{A7B4F728-CD19-254F-9FCF-A61F9B8780F4}.Debug_64|Emscripten.ActiveCfg = Debug|x64
		{A7B4F728-CD19-254F-9FCF-A61F9B8780F4}.Debug_64|NaCl32.ActiveCfg = Debug|x64
		{A7B4F728-CD19-254F-9FCF-A61F9B8780F4}.Debug_64|NaCl64.ActiveCfg = Debug|x64
		{A7B4F728-CD19-254F-9FCF-A61F9B8780F4}.Debug_64|Win32.ActiveCfg = Debug|x64
		{A7B4F728-CD19-254F-9FCF-A61F9B8780F4}.Debug_64|x64.ActiveCfg = Debug|x64
		{A7B4F728-CD19-254F-9FCF-A61F9B8780F4}.Debug_64|x64.Build.0 = Debug|x64
		{A7B4F728-CD19-254F-9FCF-A61F9B8780F4}.Debug|Android.ActiveCfg = Debug|x64
		{A7B4F728-CD19-254F-9FCF-A61F9B8780F4}.Debug|Emscripten.ActiveCfg = Debug|x64
		{A7B4F728-CD19-254F-9FCF-A61F9B8780F4}.Debug|NaCl32.ActiveCfg = Debug|x64
		{A7B4F728-CD19-254F-9FCF-A61F9B8780F4}.Debug|NaCl64.ActiveCfg = Debug|x64
		{A7B4F728-CD19-254F-9FCF-A61F9B8780F4}.Debug|Win32.ActiveCfg = Debug|Win32
		{A7B4F728-CD19-254F-9FCF-A61F9B8780F4}.Debug|Win32.Build.0 = Debug|Win32
		{A7B4F728-CD19-254F-9FCF-A61F9B8780F4}.Debug|x64.ActiveCfg = Debug|x64
		{A7B4F728-CD19-254F-9FCF-A61F9B8780F4}.Debug|x64.Build.0 = Debug|x64
		{A7B4F728-CD19-254F-9FCF-A61F9B8780F4}.Release_64|Android.ActiveCfg = Release|x64
		{A7B4F728-CD19-254F-9FCF-A61F9B8780F4}.Release_64|Emscripten.ActiveCfg = Release|x64
		{A7B4F728-CD19-254F-9FCF-A61F9B8780F4}.Release_64|NaCl32.ActiveCfg = Release|x64
		{A7B4F728-CD19-254F-9FCF-A61F9B8780F4}.Release_64|NaCl64.ActiveCfg = Release|x64
		{A7B4F728-CD19-254F-9FCF-A61F9B8780F4}.Release_64|Win32.ActiveCfg = Release|x64
		{A7B4F728-CD19-254F-9FCF-A61F9B8780F4}.Release_64|x64.ActiveCfg = Release|x64
		{A7B4F728-CD19-254F-9FCF-A61F9B8780F4}.Release_64|x64.Build.0 = Release|x64
		{A7B4F728-CD19-254F-9FCF-A61F9B8780F4}.Release|Android.ActiveCfg = Release|x64
		{A7B4F728-CD19-254F-9FCF-A61F9B8780F4}.Release|Emscripten.ActiveCfg = Release|x64
		{A7B4F728-CD19-254F-9FCF-A61F9B8780F4}.Release|NaCl32.ActiveCfg = Release|x64
		{A7B4F728-CD19-254F-9FCF-A61F9B8780F4}.Release|NaCl64.ActiveCfg = Release|x64
		{A7B4F728-CD19-254F-9FCF-A61F9B8780F4}.Release|Win32.ActiveCfg = Release|Win32
		{A7B4F728-CD19-254F-9FCF-A61F9B8780F4}.Release|Win32.Build.0 = Release|Win32
		{A7B4F728-CD19-254F-9FCF-A61F9B8780F4}.Release|x64.ActiveCfg = Release|x64
		{A7B4F728-CD19-254F-9FCF-A61F9B8780F4}.Release|x64.Build.0 = Release|x64
		{A7B4F728-CD19-254F-9FCF-A61F9B8780F4}.WxDebug|Android.ActiveCfg = Debug|x64
		{A7B4F728-CD19-254F-9FCF-A61F9B8780F4}.WxDebug|Emscripten.ActiveCfg = Debug|x64
		{A7B4F728-CD19-254F-9FCF-A61F9B8780F4}.WxDebug|NaCl32.ActiveCfg = Debug|x64
		{A7B4F728-CD19-254F-9FCF-A61F9B8780F4}.WxDebug|NaCl64.ActiveCfg = Debug|x64
		{A7B4F728-CD19-254F-9FCF-A61F9B8780F4}.WxDebug|Win32.ActiveCfg = Debug|Win32
		{A7B4F728-CD19-254F-9FCF-A61F9B8780F4}.WxDebug|Win32.Build.0 = Debug|Win32
		{A7B4F728-CD19-254F-9FCF-A61F9B8780F4}.WxDebug|x64.ActiveCfg = Debug|x64
		{A7B4F728-CD19-254F-9FCF-A61F9B8780F4}.WxDebug|x64.Build.0 = Debug|x64
		{A7B4F728-CD19-254F-9FCF-A61F9B8780F4}.WxRelease|Android.ActiveCfg = Release|x64
		{A7B4F728-CD19-254F-9FCF-A61F9B8780F4}.WxRelease|Emscripten.ActiveCfg = Release|x64
		{A7B4F728-CD19-254F-9FCF-A61F9B8780F4}.WxRelease|NaCl32.ActiveCfg = Release|x64
		{A7B4F728-CD19-254F-9FCF-A61F9B8780F4}.WxRelease|NaCl64.ActiveCfg = Release|x64
		{A7B4F728-CD19-254F-9FCF-A61F9B8780F4}.WxRelease|Win32.ActiveCfg = Release|Win32
		{A7B4F728-CD19-254F-9FCF-A61F9B8780F4}.WxRelease|Win32.Build.0 = Release|Win32
		{A7B4F728-CD19-254F-9FCF-A61F9B8780F4}.WxRelease|x64.ActiveCfg = Release|x64
		{A7B4F728-CD19-254F-9FCF-A61F9B8780F4}.WxRelease|x64.Build.0 = Release|x64
		{8062A361-D17E-3544-9A57-FC35F4434AEC}.Debug_64|Android.ActiveCfg = Debug|x64
		{8062A361-D17E-3544-9A57-FC35F4434AEC}.Debug_64|Emscripten.ActiveCfg = Debug|x64
		{8062A361-D17E-3544-9A57-FC35F4434AEC}.Debug_64|NaCl32.ActiveCfg = Debug|x64
		{8062A361-D17E-3544-9A57-FC35F4434AEC}.Debug_64|NaCl64.ActiveCfg = Debug|x64
		{8062A361-D17E-3544-9A57-FC35F4434AEC}.Debug_64|Win32.ActiveCfg = Debug|x64
		{8062A361-D17E-3544-9A57-FC35F4434AEC}.Debug_64|x64.ActiveCfg = Debug|x64
		{8062A361-D17E-3544-9A57-FC35F4434AEC}.Debug_64|x64.Build.0 = Debug|x64
		{8062A361-D17E-3544-9A57-FC35F4434AEC}.Debug|Android.ActiveCfg = Debug|x64
		{8062A361-D17E-3544-9A57-FC35F4434AEC}.Debug|Emscripten.ActiveCfg = Debug|x64
		{8062A361-D17E-3544-9A57-FC35F4434AEC}.Debug|NaCl32.ActiveCfg = Debug|x64
		{8062A361-D17E-3544-9A57-FC35F4434AEC}.Debug|NaCl64.ActiveCfg = Debug|x64
		{8062A361-D17E-3544-9A57-FC35F4434AEC}.Debug|Win32.ActiveCfg = Debug|Win32
		{8062A361-D17E-3544-9A57-FC35F4434AEC}.Debug|Win32.Build.0 = Debug|Win32
		{8062A361-D17E-3544-9A57-FC35F4434AEC}.Debug|x64.ActiveCfg = Debug|x64
		{8062A361-D17E-3544-9A57-FC35F4434AEC}.Debug|x64.Build.0 = Debug|x64
		{8062A361-D17E-3544-9A57-FC35F4434AEC}.Release_64|Android.ActiveCfg = Release|x64
		{8062A361-D17E-3544-9A57-FC35F4434AEC}.Release_64|Emscripten.ActiveCfg = Release|x64
		{8062A361-D17E-3544-9A57-FC35F4434AEC}.Release_64|NaCl32.ActiveCfg = Release|x64
		{8062A361-D17E-3544-9A57-FC35F4434AEC}.Release_64|NaCl64.ActiveCfg = Release|x64
		{8062A361-D17E-3544-9A57-FC35F4434AEC}.Release_64|Win32.ActiveCfg = Release|x64
		{8062A361-D17E-3544-9A57-FC35F4434AEC}.Release_64|x64.ActiveCfg = Release|x64
		{8062A361-D17E-3544-9A57-FC35F4434AEC}.Release_64|x64.Build.0 = Release|x64
		{8062A361-D17E-3544-9A57-FC35F4434AEC}.Release|Android.ActiveCfg = Release|x64
		{8062A361-D17E-3544-9A57-FC35F4434AEC}.Release|Emscripten.ActiveCfg = Release|x64
		{8062A361-D17E-3544-9A57-FC35F4434AEC}.Release|NaCl32.ActiveCfg = Release|x64
		{8062A361-D17E-3544-9A57-FC35F4434AEC}.Release|NaCl64.ActiveCfg = Release|x64
		{8062A361-D17E-3544-9A57-FC35F4434AEC}.Release|Win32.ActiveCfg = Release|Win32
		{8062A361-D17E-3544-9A57-FC35F4434AEC}.Release|Win32.Build.0 = Release|Win32
		{8062A361-D17E-3544-9A57-FC35F4434AEC}.Release|x64.ActiveCfg = Release|x64
		{8062A361-D17E-3544-9A57-FC35F4434AEC}.Release|x64.Build.0 = Release|x64
		{8062A361-D17E-3544-9A57-FC35F4434AEC}.WxDebug|Android.ActiveCfg = Debug|x64
		{8062A361-D17E-3544-9A57-FC35F4434AEC}.WxDebug|Emscripten.ActiveCfg = Debug|x64
		{8062A361-D17E-3544-9A57-FC35F4434AEC}.WxDebug|NaCl32.ActiveCfg = Debug|x64
		{8062A361-D17E-3544-9A57-FC35F4434AEC}.WxDebug|NaCl64.ActiveCfg = Debug|x64
		{8062A361-D17E-3544-9A57-FC35F4434AEC}.WxDebug|Win32.ActiveCfg = Debug|Win32
		{8062A361-D17E-3544-9A57-FC35F4434AEC}.WxDebug|Win32.Build.0 = Debug|Win32
		{8062A361-D17E-3544-9A57-FC35F4434AEC}.WxDebug|x64.ActiveCfg = Debug|x64
		{8062A361-D17E-3544-9A57-FC35F4434AEC}.WxDebug|x64.Build.0 = Debug|x64
		{8062A361-D17E-3544-9A57-FC35F4434AEC}.WxRelease|Android.ActiveCfg = Release|x64
		{8062A361-D17E-3544-9A57-FC35F4434AEC}.WxRelease|Emscripten.ActiveCfg = Release|x64
		{8062A361-D17E-3544-9A57-FC35F4434AEC}.WxRelease|NaCl32.ActiveCfg = Release|x64
		{8062A361-D17E-3544-9A57-FC35F4434AEC}.WxRelease|NaCl64.ActiveCfg = Release|x64
		{8062A361-D17E-3544-9A57-FC35F4434AEC}.WxRelease|Win32.ActiveCfg = Release|Win32
		{8062A361-D17E-3544-9A57-FC35F4434AEC}.WxRelease|Win32.Build.0 = Release|Win32
		{8062A361-D17E-3544-9A57-FC35F4434AEC}.WxRelease|x64.ActiveCfg = Release|x64
		{8062A361-D17E-3544-9A57-FC35F4434AEC}.WxRelease|x64.Build.0 = Release|x64
	EndGlobalSection
	GlobalSection(SolutionProperties) = preSolution
		HideSolutionNode = FALSE
	EndGlobalSection
EndGlobal
