<?xml version="1.0" encoding="utf-8"?>
<Project ToolsVersion="4.0" xmlns="http://schemas.microsoft.com/developer/msbuild/2003">
  <ItemGroup>
    <Filter Include="Resource Files">
      <UniqueIdentifier>{67DA6AB6-F800-4c08-8B7A-83BB121AAD01}</UniqueIdentifier>
      <Extensions>rc;ico;cur;bmp;dlg;rc2;rct;bin;rgs;gif;jpg;jpeg;jpe;resx;tiff;tif;png;wav;mfcribbon-ms</Extensions>
    </Filter>
    <Filter Include="Source">
      <UniqueIdentifier>{4FC737F1-C7A5-4376-A066-2A32D752A2FF}</UniqueIdentifier>
      <Extensions>
      </Extensions>
    </Filter>
    <Filter Include="Source - Platform">
      <UniqueIdentifier>{ea084754-889f-49a7-bafb-52356a55685a}</UniqueIdentifier>
    </Filter>
    <Filter Include="Source - Platform\Source - NaCL">
      <UniqueIdentifier>{2721bf97-177e-4c8c-b05a-dd51ea7e0125}</UniqueIdentifier>
    </Filter>
    <Filter Include="Source\Core Files">
      <UniqueIdentifier>{04b87be4-c10b-4886-b392-8ec9a4138392}</UniqueIdentifier>
    </Filter>
    <Filter Include="Source - Platform\Source - IOS">
      <UniqueIdentifier>{c6c4cfc4-0280-4cee-9972-094ebea07722}</UniqueIdentifier>
    </Filter>
    <Filter Include="Source - Platform\Source - Emscripten">
      <UniqueIdentifier>{e50c747a-b5d5-47e8-b3b5-b144703add5b}</UniqueIdentifier>
    </Filter>
    <Filter Include="Source - Platform\Source - WP8">
      <UniqueIdentifier>{e5550a78-55dc-4dfe-be19-a1ec884306de}</UniqueIdentifier>
    </Filter>
    <Filter Include="Source\ComponentSystem">
      <UniqueIdentifier>{d4383dc3-02c6-4f9f-8dbb-16181dfe5c7f}</UniqueIdentifier>
    </Filter>
    <Filter Include="Source\Camera">
      <UniqueIdentifier>{2f790bfa-acfa-4f4d-9fb7-6e30e3376aea}</UniqueIdentifier>
    </Filter>
    <Filter Include="Source - Platform\Source - Windows">
      <UniqueIdentifier>{a02d5de6-1291-401b-9c89-4e92bba8be9b}</UniqueIdentifier>
    </Filter>
    <Filter Include="Source - Platform\Source - BlackBerry">
      <UniqueIdentifier>{6c5c39b4-90cf-4e96-bd65-d294882b77ea}</UniqueIdentifier>
    </Filter>
    <Filter Include="Source - Platform\Source - Android">
      <UniqueIdentifier>{ad7656dc-1367-4d8c-8605-0a6a9741b88a}</UniqueIdentifier>
    </Filter>
    <Filter Include="Source\ComponentSystem\Base Components">
      <UniqueIdentifier>{6c037421-08b1-4900-98b9-a0df05803817}</UniqueIdentifier>
    </Filter>
    <Filter Include="Source\ComponentSystem\Framework Components">
      <UniqueIdentifier>{caa5d160-e744-4676-9692-fd6be924b3c0}</UniqueIdentifier>
    </Filter>
    <Filter Include="Source\ComponentSystem\Core Files">
      <UniqueIdentifier>{b95a7673-d27e-4745-a5a9-38c786fb8498}</UniqueIdentifier>
    </Filter>
    <Filter Include="Source\Physics">
      <UniqueIdentifier>{60a0e06f-d005-4c7b-aa0c-b07250ed8713}</UniqueIdentifier>
    </Filter>
    <Filter Include="Source\ComponentSystem\Framework Components\Physics2D">
      <UniqueIdentifier>{87d4e2d2-c11f-408c-80bf-e553af8dc6b6}</UniqueIdentifier>
    </Filter>
    <Filter Include="Libraries">
      <UniqueIdentifier>{c96d9a69-b683-4c9b-a0e5-833aa8f4f3ab}</UniqueIdentifier>
    </Filter>
    <Filter Include="Libraries\Lua">
      <UniqueIdentifier>{04d45a49-4464-45fe-a62e-29c9e60749ee}</UniqueIdentifier>
    </Filter>
    <Filter Include="Libraries\Lua\LuaBridge">
      <UniqueIdentifier>{e84d36e3-31a7-4e85-9856-327133bd99f5}</UniqueIdentifier>
    </Filter>
    <Filter Include="Libraries\Lua\LuaBridge\detail">
      <UniqueIdentifier>{9fe0bd82-3630-4426-88e4-f2c500e9ccc7}</UniqueIdentifier>
    </Filter>
    <Filter Include="Libraries\Lua\src">
      <UniqueIdentifier>{97f8a95b-4dc2-45a5-a92f-b2a35b1295fb}</UniqueIdentifier>
    </Filter>
    <Filter Include="Libraries\imgui">
      <UniqueIdentifier>{f15a2b89-69fb-4805-903d-792c2b6f9768}</UniqueIdentifier>
    </Filter>
    <Filter Include="Source\GUI">
      <UniqueIdentifier>{c6bd4344-2b66-481c-85d8-1eef7b18e457}</UniqueIdentifier>
    </Filter>
    <Filter Include="Source\Voxels">
      <UniqueIdentifier>{f05a8088-df72-4a72-b8cb-fadb1ff4b905}</UniqueIdentifier>
    </Filter>
    <Filter Include="Source - Editor">
      <UniqueIdentifier>{672250a4-0e5f-4a04-bd12-aab1ebdaebc4}</UniqueIdentifier>
    </Filter>
    <Filter Include="Source - Editor\Dialogs">
      <UniqueIdentifier>{1f213d6b-3236-473c-8399-67ae08e140d5}</UniqueIdentifier>
    </Filter>
    <Filter Include="Source - Editor\Interfaces">
      <UniqueIdentifier>{b2675a48-2ea1-48e2-9485-6fa399f712ab}</UniqueIdentifier>
    </Filter>
    <Filter Include="Source - Editor\Exporters">
      <UniqueIdentifier>{02837739-8d7a-47e0-9809-10810feb1f20}</UniqueIdentifier>
    </Filter>
    <Filter Include="VSCode-MyEngineLua">
      <UniqueIdentifier>{6871882b-794a-4eae-8245-88a7a105d8ad}</UniqueIdentifier>
    </Filter>
    <Filter Include="Source\ComponentSystem\Framework Components\Physics3D">
      <UniqueIdentifier>{850576cc-ed86-4f0b-812c-dd9f7422bfc0}</UniqueIdentifier>
    </Filter>
    <Filter Include="Source - Editor\PlatformSpecific">
      <UniqueIdentifier>{74cc688a-db99-4581-8ed9-1fe44b3649f9}</UniqueIdentifier>
    </Filter>
    <Filter Include="Source - Editor\Editor_ImGui">
      <UniqueIdentifier>{bbe95fa7-a89c-483e-ac87-480b1bc8a40b}</UniqueIdentifier>
    </Filter>
  </ItemGroup>
  <ItemGroup>
    <ClCompile Include="SourceCommon\Camera\Camera3D.cpp">
      <Filter>Source\Camera</Filter>
    </ClCompile>
    <ClCompile Include="SourceCommon\Camera\Camera2D.cpp">
      <Filter>Source\Camera</Filter>
    </ClCompile>
    <ClCompile Include="..\Libraries\Lua\src\lapi.c">
      <Filter>Libraries\Lua\src</Filter>
    </ClCompile>
    <ClCompile Include="..\Libraries\Lua\src\lauxlib.c">
      <Filter>Libraries\Lua\src</Filter>
    </ClCompile>
    <ClCompile Include="..\Libraries\Lua\src\lbaselib.c">
      <Filter>Libraries\Lua\src</Filter>
    </ClCompile>
    <ClCompile Include="..\Libraries\Lua\src\lbitlib.c">
      <Filter>Libraries\Lua\src</Filter>
    </ClCompile>
    <ClCompile Include="..\Libraries\Lua\src\lcode.c">
      <Filter>Libraries\Lua\src</Filter>
    </ClCompile>
    <ClCompile Include="..\Libraries\Lua\src\lcorolib.c">
      <Filter>Libraries\Lua\src</Filter>
    </ClCompile>
    <ClCompile Include="..\Libraries\Lua\src\lctype.c">
      <Filter>Libraries\Lua\src</Filter>
    </ClCompile>
    <ClCompile Include="..\Libraries\Lua\src\ldblib.c">
      <Filter>Libraries\Lua\src</Filter>
    </ClCompile>
    <ClCompile Include="..\Libraries\Lua\src\ldebug.c">
      <Filter>Libraries\Lua\src</Filter>
    </ClCompile>
    <ClCompile Include="..\Libraries\Lua\src\ldo.c">
      <Filter>Libraries\Lua\src</Filter>
    </ClCompile>
    <ClCompile Include="..\Libraries\Lua\src\ldump.c">
      <Filter>Libraries\Lua\src</Filter>
    </ClCompile>
    <ClCompile Include="..\Libraries\Lua\src\lfunc.c">
      <Filter>Libraries\Lua\src</Filter>
    </ClCompile>
    <ClCompile Include="..\Libraries\Lua\src\lgc.c">
      <Filter>Libraries\Lua\src</Filter>
    </ClCompile>
    <ClCompile Include="..\Libraries\Lua\src\linit.c">
      <Filter>Libraries\Lua\src</Filter>
    </ClCompile>
    <ClCompile Include="..\Libraries\Lua\src\liolib.c">
      <Filter>Libraries\Lua\src</Filter>
    </ClCompile>
    <ClCompile Include="..\Libraries\Lua\src\llex.c">
      <Filter>Libraries\Lua\src</Filter>
    </ClCompile>
    <ClCompile Include="..\Libraries\Lua\src\lmathlib.c">
      <Filter>Libraries\Lua\src</Filter>
    </ClCompile>
    <ClCompile Include="..\Libraries\Lua\src\lmem.c">
      <Filter>Libraries\Lua\src</Filter>
    </ClCompile>
    <ClCompile Include="..\Libraries\Lua\src\loadlib.c">
      <Filter>Libraries\Lua\src</Filter>
    </ClCompile>
    <ClCompile Include="..\Libraries\Lua\src\lobject.c">
      <Filter>Libraries\Lua\src</Filter>
    </ClCompile>
    <ClCompile Include="..\Libraries\Lua\src\lopcodes.c">
      <Filter>Libraries\Lua\src</Filter>
    </ClCompile>
    <ClCompile Include="..\Libraries\Lua\src\loslib.c">
      <Filter>Libraries\Lua\src</Filter>
    </ClCompile>
    <ClCompile Include="..\Libraries\Lua\src\lparser.c">
      <Filter>Libraries\Lua\src</Filter>
    </ClCompile>
    <ClCompile Include="..\Libraries\Lua\src\lstate.c">
      <Filter>Libraries\Lua\src</Filter>
    </ClCompile>
    <ClCompile Include="..\Libraries\Lua\src\lstring.c">
      <Filter>Libraries\Lua\src</Filter>
    </ClCompile>
    <ClCompile Include="..\Libraries\Lua\src\lstrlib.c">
      <Filter>Libraries\Lua\src</Filter>
    </ClCompile>
    <ClCompile Include="..\Libraries\Lua\src\ltable.c">
      <Filter>Libraries\Lua\src</Filter>
    </ClCompile>
    <ClCompile Include="..\Libraries\Lua\src\ltablib.c">
      <Filter>Libraries\Lua\src</Filter>
    </ClCompile>
    <ClCompile Include="..\Libraries\Lua\src\ltm.c">
      <Filter>Libraries\Lua\src</Filter>
    </ClCompile>
    <ClCompile Include="..\Libraries\Lua\src\lua.c">
      <Filter>Libraries\Lua\src</Filter>
    </ClCompile>
    <ClCompile Include="..\Libraries\Lua\src\luac.c">
      <Filter>Libraries\Lua\src</Filter>
    </ClCompile>
    <ClCompile Include="..\Libraries\Lua\src\lundump.c">
      <Filter>Libraries\Lua\src</Filter>
    </ClCompile>
    <ClCompile Include="..\Libraries\Lua\src\lvm.c">
      <Filter>Libraries\Lua\src</Filter>
    </ClCompile>
    <ClCompile Include="..\Libraries\Lua\src\lzio.c">
      <Filter>Libraries\Lua\src</Filter>
    </ClCompile>
    <ClCompile Include="SourceCommon\Core\LuaGameState.cpp">
      <Filter>Source\Core Files</Filter>
    </ClCompile>
    <ClCompile Include="SourceCommon\EngineCommonHeader.cpp">
      <Filter>Source</Filter>
    </ClCompile>
    <ClCompile Include="SourceCommon\Core\EngineCore.cpp">
      <Filter>Source\Core Files</Filter>
    </ClCompile>
    <ClCompile Include="SourceCommon\Core\EngineComponentTypeManager.cpp">
      <Filter>Source\Core Files</Filter>
    </ClCompile>
    <ClCompile Include="SourceCommon\ComponentSystem\BaseComponents\ComponentBase.cpp">
      <Filter>Source\ComponentSystem\Base Components</Filter>
    </ClCompile>
    <ClCompile Include="SourceCommon\ComponentSystem\BaseComponents\ComponentCamera.cpp">
      <Filter>Source\ComponentSystem\Base Components</Filter>
    </ClCompile>
    <ClCompile Include="SourceCommon\ComponentSystem\BaseComponents\ComponentData.cpp">
      <Filter>Source\ComponentSystem\Base Components</Filter>
    </ClCompile>
    <ClCompile Include="SourceCommon\ComponentSystem\BaseComponents\ComponentInputHandler.cpp">
      <Filter>Source\ComponentSystem\Base Components</Filter>
    </ClCompile>
    <ClCompile Include="SourceCommon\ComponentSystem\BaseComponents\ComponentRenderable.cpp">
      <Filter>Source\ComponentSystem\Base Components</Filter>
    </ClCompile>
    <ClCompile Include="SourceCommon\ComponentSystem\BaseComponents\ComponentTransform.cpp">
      <Filter>Source\ComponentSystem\Base Components</Filter>
    </ClCompile>
    <ClCompile Include="SourceCommon\ComponentSystem\BaseComponents\ComponentUpdateable.cpp">
      <Filter>Source\ComponentSystem\Base Components</Filter>
    </ClCompile>
    <ClCompile Include="SourceCommon\ComponentSystem\FrameworkComponents\ComponentAnimationPlayer.cpp">
      <Filter>Source\ComponentSystem\Framework Components</Filter>
    </ClCompile>
    <ClCompile Include="SourceCommon\ComponentSystem\FrameworkComponents\ComponentCameraShadow.cpp">
      <Filter>Source\ComponentSystem\Framework Components</Filter>
    </ClCompile>
    <ClCompile Include="SourceCommon\ComponentSystem\FrameworkComponents\ComponentLight.cpp">
      <Filter>Source\ComponentSystem\Framework Components</Filter>
    </ClCompile>
    <ClCompile Include="SourceCommon\ComponentSystem\FrameworkComponents\ComponentLuaScript.cpp">
      <Filter>Source\ComponentSystem\Framework Components</Filter>
    </ClCompile>
    <ClCompile Include="SourceCommon\ComponentSystem\FrameworkComponents\ComponentMesh.cpp">
      <Filter>Source\ComponentSystem\Framework Components</Filter>
    </ClCompile>
    <ClCompile Include="SourceCommon\ComponentSystem\FrameworkComponents\ComponentMeshOBJ.cpp">
      <Filter>Source\ComponentSystem\Framework Components</Filter>
    </ClCompile>
    <ClCompile Include="SourceCommon\ComponentSystem\FrameworkComponents\ComponentMeshPrimitive.cpp">
      <Filter>Source\ComponentSystem\Framework Components</Filter>
    </ClCompile>
    <ClCompile Include="SourceCommon\ComponentSystem\FrameworkComponents\ComponentParticleEmitter.cpp">
      <Filter>Source\ComponentSystem\Framework Components</Filter>
    </ClCompile>
    <ClCompile Include="SourceCommon\ComponentSystem\FrameworkComponents\ComponentSprite.cpp">
      <Filter>Source\ComponentSystem\Framework Components</Filter>
    </ClCompile>
    <ClCompile Include="SourceCommon\ComponentSystem\Core\ComponentSystemManager.cpp">
      <Filter>Source\ComponentSystem\Core Files</Filter>
    </ClCompile>
    <ClCompile Include="SourceCommon\ComponentSystem\Core\ComponentTypeManager.cpp">
      <Filter>Source\ComponentSystem\Core Files</Filter>
    </ClCompile>
    <ClCompile Include="SourceCommon\ComponentSystem\Core\GameObject.cpp">
      <Filter>Source\ComponentSystem\Core Files</Filter>
    </ClCompile>
    <ClCompile Include="SourceCommon\ComponentSystem\FrameworkComponents\ComponentPostEffect.cpp">
      <Filter>Source\ComponentSystem\Framework Components</Filter>
    </ClCompile>
    <ClCompile Include="SourceCommon\ComponentSystem\Core\EngineFileManager.cpp">
      <Filter>Source\ComponentSystem\Core Files</Filter>
    </ClCompile>
    <ClCompile Include="..\Libraries\Lua\src\lutf8lib.c">
      <Filter>Libraries\Lua\src</Filter>
    </ClCompile>
    <ClCompile Include="SourceCommon\ComponentSystem\BaseComponents\ComponentMenuPage.cpp">
      <Filter>Source\ComponentSystem\Base Components</Filter>
    </ClCompile>
    <ClCompile Include="SourceCommon\ComponentSystem\Core\SceneHandler.cpp">
      <Filter>Source\ComponentSystem\Core Files</Filter>
    </ClCompile>
    <ClCompile Include="SourceCommon\Core\InputFinger.cpp">
      <Filter>Source\Core Files</Filter>
    </ClCompile>
    <ClCompile Include="SourceCommon\ComponentSystem\ComponentTemplate.cpp">
      <Filter>Source\ComponentSystem</Filter>
    </ClCompile>
    <ClCompile Include="SourceCommon\Physics\EngineBox2DContactListener.cpp">
      <Filter>Source\Physics</Filter>
    </ClCompile>
    <ClCompile Include="SourceCommon\ComponentSystem\FrameworkComponents\Physics2D\Component2DCollisionObject.cpp">
      <Filter>Source\ComponentSystem\Framework Components\Physics2D</Filter>
    </ClCompile>
    <ClCompile Include="SourceCommon\ComponentSystem\FrameworkComponents\Physics2D\Component2DJointRevolute.cpp">
      <Filter>Source\ComponentSystem\Framework Components\Physics2D</Filter>
    </ClCompile>
    <ClCompile Include="SourceCommon\ComponentSystem\FrameworkComponents\Physics2D\Component2DJointPrismatic.cpp">
      <Filter>Source\ComponentSystem\Framework Components\Physics2D</Filter>
    </ClCompile>
    <ClCompile Include="SourceCommon\ComponentSystem\FrameworkComponents\Physics2D\Component2DJointWeld.cpp">
      <Filter>Source\ComponentSystem\Framework Components\Physics2D</Filter>
    </ClCompile>
    <ClCompile Include="SourceCommon\ComponentSystem\FrameworkComponents\ComponentAudioPlayer.cpp">
      <Filter>Source\ComponentSystem\Framework Components</Filter>
    </ClCompile>
    <ClCompile Include="SourceCommon\ComponentSystem\BaseComponents\ComponentGameObjectProperties.cpp">
      <Filter>Source\ComponentSystem\Base Components</Filter>
    </ClCompile>
    <ClCompile Include="..\Libraries\imgui\imgui.cpp">
      <Filter>Libraries\imgui</Filter>
    </ClCompile>
    <ClCompile Include="..\Libraries\imgui\imgui_draw.cpp">
      <Filter>Libraries\imgui</Filter>
    </ClCompile>
    <ClCompile Include="SourceCommon\GUI\ImGuiManager.cpp">
      <Filter>Source\GUI</Filter>
    </ClCompile>
    <ClCompile Include="SourceCommon\Voxels\ComponentVoxelWorld.cpp">
      <Filter>Source\Voxels</Filter>
    </ClCompile>
    <ClCompile Include="SourceCommon\Voxels\VoxelChunk.cpp">
      <Filter>Source\Voxels</Filter>
    </ClCompile>
    <ClCompile Include="SourceCommon\Voxels\VoxelWorld.cpp">
      <Filter>Source\Voxels</Filter>
    </ClCompile>
    <ClCompile Include="SourceCommon\Voxels\VoxelBlock.cpp">
      <Filter>Source\Voxels</Filter>
    </ClCompile>
    <ClCompile Include="SourceCommon\Voxels\ComponentVoxelMesh.cpp">
      <Filter>Source\Voxels</Filter>
    </ClCompile>
    <ClCompile Include="SourceCommon\ComponentSystem\FrameworkComponents\ComponentAnimationPlayer2D.cpp">
      <Filter>Source\ComponentSystem\Framework Components</Filter>
    </ClCompile>
    <ClCompile Include="SourceCommon\Voxels\VoxelJobs.cpp">
      <Filter>Source\Voxels</Filter>
    </ClCompile>
    <ClCompile Include="SourceCommon\ComponentSystem\Core\PrefabManager.cpp">
      <Filter>Source\ComponentSystem\Core Files</Filter>
    </ClCompile>
    <ClCompile Include="SourceCommon\Physics\BulletDebugDraw.cpp">
      <Filter>Source\Physics</Filter>
    </ClCompile>
    <ClCompile Include="SourceCommon\Physics\BulletWorld.cpp">
      <Filter>Source\Physics</Filter>
    </ClCompile>
    <ClCompile Include="SourceCommon\ComponentSystem\BaseComponents\ComponentVariable.cpp">
      <Filter>Source\ComponentSystem\Base Components</Filter>
    </ClCompile>
    <ClCompile Include="SourceCommon\ComponentSystem\BaseComponents\ComponentVariableValue.cpp">
      <Filter>Source\ComponentSystem\Base Components</Filter>
    </ClCompile>
    <ClCompile Include="SourceCommon\Core\LuaGLFunctions.cpp">
      <Filter>Source\Core Files</Filter>
    </ClCompile>
    <ClCompile Include="SourceEditor\EditorState.cpp">
      <Filter>Source - Editor</Filter>
    </ClCompile>
    <ClCompile Include="SourceEditor\EngineCommandStack.cpp">
      <Filter>Source - Editor</Filter>
    </ClCompile>
    <ClCompile Include="SourceEditor\EngineEditorCommands.cpp">
      <Filter>Source - Editor</Filter>
    </ClCompile>
    <ClCompile Include="SourceEditor\GameObjectTemplateManager.cpp">
      <Filter>Source - Editor</Filter>
    </ClCompile>
    <ClCompile Include="SourceEditor\TransformGizmo.cpp">
      <Filter>Source - Editor</Filter>
    </ClCompile>
    <ClCompile Include="SourceEditor\Dialogs\DialogGridSettings.cpp">
      <Filter>Source - Editor\Dialogs</Filter>
    </ClCompile>
    <ClCompile Include="SourceEditor\Exporters\ExportBox2DScene.cpp">
      <Filter>Source - Editor\Exporters</Filter>
    </ClCompile>
    <ClCompile Include="SourceEditor\Interfaces\EditorInterface.cpp">
      <Filter>Source - Editor\Interfaces</Filter>
    </ClCompile>
    <ClCompile Include="SourceEditor\Interfaces\EditorInterface_2DPointEditor.cpp">
      <Filter>Source - Editor\Interfaces</Filter>
    </ClCompile>
    <ClCompile Include="SourceEditor\Interfaces\EditorInterface_SceneManagement.cpp">
      <Filter>Source - Editor\Interfaces</Filter>
    </ClCompile>
    <ClCompile Include="SourceEditor\Interfaces\EditorInterface_VoxelMeshEditor.cpp">
      <Filter>Source - Editor\Interfaces</Filter>
    </ClCompile>
    <ClCompile Include="SourceCommon\ComponentSystem\FrameworkComponents\Physics3D\Component3DCollisionObject.cpp">
      <Filter>Source\ComponentSystem\Framework Components\Physics3D</Filter>
    </ClCompile>
    <ClCompile Include="SourceCommon\ComponentSystem\FrameworkComponents\Physics3D\Component3DJointPoint2Point.cpp">
      <Filter>Source\ComponentSystem\Framework Components\Physics3D</Filter>
    </ClCompile>
    <ClCompile Include="SourceCommon\ComponentSystem\FrameworkComponents\Physics3D\Component3DJointHinge.cpp">
      <Filter>Source\ComponentSystem\Framework Components\Physics3D</Filter>
    </ClCompile>
    <ClCompile Include="SourceCommon\ComponentSystem\FrameworkComponents\Physics3D\Component3DJointSlider.cpp">
      <Filter>Source\ComponentSystem\Framework Components\Physics3D</Filter>
    </ClCompile>
    <ClCompile Include="SourceEditor\EditorPrefs.cpp">
      <Filter>Source - Editor</Filter>
    </ClCompile>
    <ClCompile Include="..\Libraries\imgui\imgui_demo.cpp">
      <Filter>Libraries\imgui</Filter>
    </ClCompile>
    <ClCompile Include="SourceEditor\PlatformSpecific\FileOpenDialog.cpp">
      <Filter>Source - Editor\PlatformSpecific</Filter>
    </ClCompile>
    <ClCompile Include="SourceEditor\EditorMenuCommands.cpp">
      <Filter>Source - Editor</Filter>
    </ClCompile>
    <ClCompile Include="SourceEditor\EditorMainFrame.cpp">
      <Filter>Source - Editor</Filter>
    </ClCompile>
    <ClCompile Include="SourceEditor\EditorMainFrame_Wx.cpp">
      <Filter>Source - Editor</Filter>
    </ClCompile>
    <ClCompile Include="SourceCommon\GUI\ImGuiExtensions.cpp">
      <Filter>Source\GUI</Filter>
    </ClCompile>
    <ClCompile Include="SourceEditor\Editor_ImGui\EditorMainFrame_ImGui.cpp">
      <Filter>Source - Editor\Editor_ImGui</Filter>
    </ClCompile>
    <ClCompile Include="SourceEditor\Editor_ImGui\EditorLogWindow_ImGui.cpp">
      <Filter>Source - Editor\Editor_ImGui</Filter>
    </ClCompile>
    <ClCompile Include="SourceEditor\Editor_ImGui\ImGuiStylePrefs.cpp">
      <Filter>Source - Editor\Editor_ImGui</Filter>
    </ClCompile>
  </ItemGroup>
  <ItemGroup>
    <ClInclude Include="SourceCommon\Camera\Camera3D.h">
      <Filter>Source\Camera</Filter>
    </ClInclude>
    <ClInclude Include="SourceCommon\Camera\Camera2D.h">
      <Filter>Source\Camera</Filter>
    </ClInclude>
    <ClInclude Include="..\Libraries\LuaBridge\LuaBridge.h">
      <Filter>Libraries\Lua\LuaBridge</Filter>
    </ClInclude>
    <ClInclude Include="..\Libraries\LuaBridge\RefCountedObject.h">
      <Filter>Libraries\Lua\LuaBridge</Filter>
    </ClInclude>
    <ClInclude Include="..\Libraries\LuaBridge\RefCountedPtr.h">
      <Filter>Libraries\Lua\LuaBridge</Filter>
    </ClInclude>
    <ClInclude Include="..\Libraries\LuaBridge\detail\CFunctions.h">
      <Filter>Libraries\Lua\LuaBridge\detail</Filter>
    </ClInclude>
    <ClInclude Include="..\Libraries\LuaBridge\detail\ClassInfo.h">
      <Filter>Libraries\Lua\LuaBridge\detail</Filter>
    </ClInclude>
    <ClInclude Include="..\Libraries\LuaBridge\detail\Constructor.h">
      <Filter>Libraries\Lua\LuaBridge\detail</Filter>
    </ClInclude>
    <ClInclude Include="..\Libraries\LuaBridge\detail\dump.h">
      <Filter>Libraries\Lua\LuaBridge\detail</Filter>
    </ClInclude>
    <ClInclude Include="..\Libraries\LuaBridge\detail\FuncTraits.h">
      <Filter>Libraries\Lua\LuaBridge\detail</Filter>
    </ClInclude>
    <ClInclude Include="..\Libraries\LuaBridge\detail\Iterator.h">
      <Filter>Libraries\Lua\LuaBridge\detail</Filter>
    </ClInclude>
    <ClInclude Include="..\Libraries\LuaBridge\detail\LuaException.h">
      <Filter>Libraries\Lua\LuaBridge\detail</Filter>
    </ClInclude>
    <ClInclude Include="..\Libraries\LuaBridge\detail\LuaHelpers.h">
      <Filter>Libraries\Lua\LuaBridge\detail</Filter>
    </ClInclude>
    <ClInclude Include="..\Libraries\LuaBridge\detail\LuaRef.h">
      <Filter>Libraries\Lua\LuaBridge\detail</Filter>
    </ClInclude>
    <ClInclude Include="..\Libraries\LuaBridge\detail\Namespace.h">
      <Filter>Libraries\Lua\LuaBridge\detail</Filter>
    </ClInclude>
    <ClInclude Include="..\Libraries\LuaBridge\detail\Stack.h">
      <Filter>Libraries\Lua\LuaBridge\detail</Filter>
    </ClInclude>
    <ClInclude Include="..\Libraries\LuaBridge\detail\TypeList.h">
      <Filter>Libraries\Lua\LuaBridge\detail</Filter>
    </ClInclude>
    <ClInclude Include="..\Libraries\LuaBridge\detail\TypeTraits.h">
      <Filter>Libraries\Lua\LuaBridge\detail</Filter>
    </ClInclude>
    <ClInclude Include="..\Libraries\LuaBridge\detail\Userdata.h">
      <Filter>Libraries\Lua\LuaBridge\detail</Filter>
    </ClInclude>
    <ClInclude Include="..\Libraries\Lua\src\lzio.h">
      <Filter>Libraries\Lua\src</Filter>
    </ClInclude>
    <ClInclude Include="..\Libraries\Lua\src\lapi.h">
      <Filter>Libraries\Lua\src</Filter>
    </ClInclude>
    <ClInclude Include="..\Libraries\Lua\src\lauxlib.h">
      <Filter>Libraries\Lua\src</Filter>
    </ClInclude>
    <ClInclude Include="..\Libraries\Lua\src\lcode.h">
      <Filter>Libraries\Lua\src</Filter>
    </ClInclude>
    <ClInclude Include="..\Libraries\Lua\src\lctype.h">
      <Filter>Libraries\Lua\src</Filter>
    </ClInclude>
    <ClInclude Include="..\Libraries\Lua\src\ldebug.h">
      <Filter>Libraries\Lua\src</Filter>
    </ClInclude>
    <ClInclude Include="..\Libraries\Lua\src\ldo.h">
      <Filter>Libraries\Lua\src</Filter>
    </ClInclude>
    <ClInclude Include="..\Libraries\Lua\src\lfunc.h">
      <Filter>Libraries\Lua\src</Filter>
    </ClInclude>
    <ClInclude Include="..\Libraries\Lua\src\lgc.h">
      <Filter>Libraries\Lua\src</Filter>
    </ClInclude>
    <ClInclude Include="..\Libraries\Lua\src\llex.h">
      <Filter>Libraries\Lua\src</Filter>
    </ClInclude>
    <ClInclude Include="..\Libraries\Lua\src\llimits.h">
      <Filter>Libraries\Lua\src</Filter>
    </ClInclude>
    <ClInclude Include="..\Libraries\Lua\src\lmem.h">
      <Filter>Libraries\Lua\src</Filter>
    </ClInclude>
    <ClInclude Include="..\Libraries\Lua\src\lobject.h">
      <Filter>Libraries\Lua\src</Filter>
    </ClInclude>
    <ClInclude Include="..\Libraries\Lua\src\lopcodes.h">
      <Filter>Libraries\Lua\src</Filter>
    </ClInclude>
    <ClInclude Include="..\Libraries\Lua\src\lparser.h">
      <Filter>Libraries\Lua\src</Filter>
    </ClInclude>
    <ClInclude Include="..\Libraries\Lua\src\lstate.h">
      <Filter>Libraries\Lua\src</Filter>
    </ClInclude>
    <ClInclude Include="..\Libraries\Lua\src\lstring.h">
      <Filter>Libraries\Lua\src</Filter>
    </ClInclude>
    <ClInclude Include="..\Libraries\Lua\src\ltable.h">
      <Filter>Libraries\Lua\src</Filter>
    </ClInclude>
    <ClInclude Include="..\Libraries\Lua\src\ltm.h">
      <Filter>Libraries\Lua\src</Filter>
    </ClInclude>
    <ClInclude Include="..\Libraries\Lua\src\lua.h">
      <Filter>Libraries\Lua\src</Filter>
    </ClInclude>
    <ClInclude Include="..\Libraries\Lua\src\lua.hpp">
      <Filter>Libraries\Lua\src</Filter>
    </ClInclude>
    <ClInclude Include="..\Libraries\Lua\src\luaconf.h">
      <Filter>Libraries\Lua\src</Filter>
    </ClInclude>
    <ClInclude Include="..\Libraries\Lua\src\lualib.h">
      <Filter>Libraries\Lua\src</Filter>
    </ClInclude>
    <ClInclude Include="..\Libraries\Lua\src\lundump.h">
      <Filter>Libraries\Lua\src</Filter>
    </ClInclude>
    <ClInclude Include="..\Libraries\Lua\src\lvm.h">
      <Filter>Libraries\Lua\src</Filter>
    </ClInclude>
    <ClInclude Include="SourceCommon\Core\LuaGameState.h">
      <Filter>Source\Core Files</Filter>
    </ClInclude>
    <ClInclude Include="SourceCommon\EngineCommonHeader.h">
      <Filter>Source</Filter>
    </ClInclude>
    <ClInclude Include="SourceCommon\Core\EngineCore.h">
      <Filter>Source\Core Files</Filter>
    </ClInclude>
    <ClInclude Include="SourceCommon\Core\EngineComponentTypeManager.h">
      <Filter>Source\Core Files</Filter>
    </ClInclude>
    <ClInclude Include="SourceCommon\ComponentSystem\BaseComponents\ComponentUpdateable.h">
      <Filter>Source\ComponentSystem\Base Components</Filter>
    </ClInclude>
    <ClInclude Include="SourceCommon\ComponentSystem\BaseComponents\ComponentBase.h">
      <Filter>Source\ComponentSystem\Base Components</Filter>
    </ClInclude>
    <ClInclude Include="SourceCommon\ComponentSystem\BaseComponents\ComponentCamera.h">
      <Filter>Source\ComponentSystem\Base Components</Filter>
    </ClInclude>
    <ClInclude Include="SourceCommon\ComponentSystem\BaseComponents\ComponentData.h">
      <Filter>Source\ComponentSystem\Base Components</Filter>
    </ClInclude>
    <ClInclude Include="SourceCommon\ComponentSystem\BaseComponents\ComponentInputHandler.h">
      <Filter>Source\ComponentSystem\Base Components</Filter>
    </ClInclude>
    <ClInclude Include="SourceCommon\ComponentSystem\BaseComponents\ComponentRenderable.h">
      <Filter>Source\ComponentSystem\Base Components</Filter>
    </ClInclude>
    <ClInclude Include="SourceCommon\ComponentSystem\BaseComponents\ComponentTransform.h">
      <Filter>Source\ComponentSystem\Base Components</Filter>
    </ClInclude>
    <ClInclude Include="SourceCommon\ComponentSystem\FrameworkComponents\ComponentAnimationPlayer.h">
      <Filter>Source\ComponentSystem\Framework Components</Filter>
    </ClInclude>
    <ClInclude Include="SourceCommon\ComponentSystem\FrameworkComponents\ComponentCameraShadow.h">
      <Filter>Source\ComponentSystem\Framework Components</Filter>
    </ClInclude>
    <ClInclude Include="SourceCommon\ComponentSystem\FrameworkComponents\ComponentLight.h">
      <Filter>Source\ComponentSystem\Framework Components</Filter>
    </ClInclude>
    <ClInclude Include="SourceCommon\ComponentSystem\FrameworkComponents\ComponentLuaScript.h">
      <Filter>Source\ComponentSystem\Framework Components</Filter>
    </ClInclude>
    <ClInclude Include="SourceCommon\ComponentSystem\FrameworkComponents\ComponentMesh.h">
      <Filter>Source\ComponentSystem\Framework Components</Filter>
    </ClInclude>
    <ClInclude Include="SourceCommon\ComponentSystem\FrameworkComponents\ComponentMeshOBJ.h">
      <Filter>Source\ComponentSystem\Framework Components</Filter>
    </ClInclude>
    <ClInclude Include="SourceCommon\ComponentSystem\FrameworkComponents\ComponentMeshPrimitive.h">
      <Filter>Source\ComponentSystem\Framework Components</Filter>
    </ClInclude>
    <ClInclude Include="SourceCommon\ComponentSystem\FrameworkComponents\ComponentParticleEmitter.h">
      <Filter>Source\ComponentSystem\Framework Components</Filter>
    </ClInclude>
    <ClInclude Include="SourceCommon\ComponentSystem\FrameworkComponents\ComponentSprite.h">
      <Filter>Source\ComponentSystem\Framework Components</Filter>
    </ClInclude>
    <ClInclude Include="SourceCommon\ComponentSystem\Core\ComponentSystemManager.h">
      <Filter>Source\ComponentSystem\Core Files</Filter>
    </ClInclude>
    <ClInclude Include="SourceCommon\ComponentSystem\Core\ComponentTypeManager.h">
      <Filter>Source\ComponentSystem\Core Files</Filter>
    </ClInclude>
    <ClInclude Include="SourceCommon\ComponentSystem\Core\GameObject.h">
      <Filter>Source\ComponentSystem\Core Files</Filter>
    </ClInclude>
    <ClInclude Include="SourceCommon\ComponentSystem\FrameworkComponents\ComponentPostEffect.h">
      <Filter>Source\ComponentSystem\Framework Components</Filter>
    </ClInclude>
    <ClInclude Include="SourceCommon\ComponentSystem\Core\EngineFileManager.h">
      <Filter>Source\ComponentSystem\Core Files</Filter>
    </ClInclude>
    <ClInclude Include="..\Libraries\Lua\src\lprefix.h">
      <Filter>Libraries\Lua\src</Filter>
    </ClInclude>
    <ClInclude Include="SourceCommon\ComponentSystem\BaseComponents\ComponentMenuPage.h">
      <Filter>Source\ComponentSystem\Base Components</Filter>
    </ClInclude>
    <ClInclude Include="SourceCommon\ComponentSystem\Core\SceneHandler.h">
      <Filter>Source\ComponentSystem\Core Files</Filter>
    </ClInclude>
    <ClInclude Include="SourceCommon\Core\InputFinger.h">
      <Filter>Source\Core Files</Filter>
    </ClInclude>
    <ClInclude Include="SourceCommon\ComponentSystem\ComponentTemplate.h">
      <Filter>Source\ComponentSystem</Filter>
    </ClInclude>
    <ClInclude Include="SourceNaCL\memory.h">
      <Filter>Source - Platform\Source - NaCL</Filter>
    </ClInclude>
    <ClInclude Include="SourceCommon\Physics\EngineBox2DContactListener.h">
      <Filter>Source\Physics</Filter>
    </ClInclude>
    <ClInclude Include="SourceCommon\ComponentSystem\FrameworkComponents\Physics2D\Component2DCollisionObject.h">
      <Filter>Source\ComponentSystem\Framework Components\Physics2D</Filter>
    </ClInclude>
    <ClInclude Include="SourceCommon\ComponentSystem\FrameworkComponents\Physics2D\Component2DJointRevolute.h">
      <Filter>Source\ComponentSystem\Framework Components\Physics2D</Filter>
    </ClInclude>
    <ClInclude Include="SourceCommon\ComponentSystem\FrameworkComponents\Physics2D\Component2DJointPrismatic.h">
      <Filter>Source\ComponentSystem\Framework Components\Physics2D</Filter>
    </ClInclude>
    <ClInclude Include="SourceCommon\ComponentSystem\FrameworkComponents\Physics2D\Component2DJointWeld.h">
      <Filter>Source\ComponentSystem\Framework Components\Physics2D</Filter>
    </ClInclude>
    <ClInclude Include="SourceCommon\ComponentSystem\FrameworkComponents\ComponentAudioPlayer.h">
      <Filter>Source\ComponentSystem\Framework Components</Filter>
    </ClInclude>
    <ClInclude Include="SourceCommon\ComponentSystem\BaseComponents\ComponentGameObjectProperties.h">
      <Filter>Source\ComponentSystem\Base Components</Filter>
    </ClInclude>
    <ClInclude Include="..\Libraries\imgui\imconfig.h">
      <Filter>Libraries\imgui</Filter>
    </ClInclude>
    <ClInclude Include="..\Libraries\imgui\imgui.h">
      <Filter>Libraries\imgui</Filter>
    </ClInclude>
    <ClInclude Include="..\Libraries\imgui\imgui_internal.h">
      <Filter>Libraries\imgui</Filter>
    </ClInclude>
    <ClInclude Include="..\Libraries\imgui\stb_rect_pack.h">
      <Filter>Libraries\imgui</Filter>
    </ClInclude>
    <ClInclude Include="..\Libraries\imgui\stb_textedit.h">
      <Filter>Libraries\imgui</Filter>
    </ClInclude>
    <ClInclude Include="..\Libraries\imgui\stb_truetype.h">
      <Filter>Libraries\imgui</Filter>
    </ClInclude>
    <ClInclude Include="SourceCommon\GUI\ImGuiManager.h">
      <Filter>Source\GUI</Filter>
    </ClInclude>
    <ClInclude Include="SourceCommon\Voxels\ComponentVoxelWorld.h">
      <Filter>Source\Voxels</Filter>
    </ClInclude>
    <ClInclude Include="SourceCommon\Voxels\VoxelChunk.h">
      <Filter>Source\Voxels</Filter>
    </ClInclude>
    <ClInclude Include="SourceCommon\Voxels\VoxelWorld.h">
      <Filter>Source\Voxels</Filter>
    </ClInclude>
    <ClInclude Include="SourceCommon\Voxels\VoxelBlock.h">
      <Filter>Source\Voxels</Filter>
    </ClInclude>
    <ClInclude Include="SourceCommon\Voxels\ComponentVoxelMesh.h">
      <Filter>Source\Voxels</Filter>
    </ClInclude>
    <ClInclude Include="SourceCommon\Voxels\VoxelRayCast.h">
      <Filter>Source\Voxels</Filter>
    </ClInclude>
    <ClInclude Include="SourceCommon\ComponentSystem\FrameworkComponents\ComponentAnimationPlayer2D.h">
      <Filter>Source\ComponentSystem\Framework Components</Filter>
    </ClInclude>
    <ClInclude Include="SourceCommon\Voxels\VoxelJobs.h">
      <Filter>Source\Voxels</Filter>
    </ClInclude>
    <ClInclude Include="SourceCommon\ComponentSystem\Core\PrefabManager.h">
      <Filter>Source\ComponentSystem\Core Files</Filter>
    </ClInclude>
    <ClInclude Include="SourceCommon\Physics\BulletDebugDraw.h">
      <Filter>Source\Physics</Filter>
    </ClInclude>
    <ClInclude Include="SourceCommon\Physics\BulletWorld.h">
      <Filter>Source\Physics</Filter>
    </ClInclude>
    <ClInclude Include="SourceCommon\ComponentSystem\BaseComponents\ComponentVariable.h">
      <Filter>Source\ComponentSystem\Base Components</Filter>
    </ClInclude>
    <ClInclude Include="SourceCommon\ComponentSystem\BaseComponents\ComponentVariableValue.h">
      <Filter>Source\ComponentSystem\Base Components</Filter>
    </ClInclude>
    <ClInclude Include="SourceCommon\Core\LuaGLFunctions.h">
      <Filter>Source\Core Files</Filter>
    </ClInclude>
    <ClInclude Include="SourceEditor\DragAndDropHackeryExtended.h">
      <Filter>Source - Editor</Filter>
    </ClInclude>
    <ClInclude Include="SourceEditor\EditorState.h">
      <Filter>Source - Editor</Filter>
    </ClInclude>
    <ClInclude Include="SourceEditor\EngineCommandStack.h">
      <Filter>Source - Editor</Filter>
    </ClInclude>
    <ClInclude Include="SourceEditor\EngineEditorCommands.h">
      <Filter>Source - Editor</Filter>
    </ClInclude>
    <ClInclude Include="SourceEditor\GameObjectTemplateManager.h">
      <Filter>Source - Editor</Filter>
    </ClInclude>
    <ClInclude Include="SourceEditor\TransformGizmo.h">
      <Filter>Source - Editor</Filter>
    </ClInclude>
    <ClInclude Include="SourceEditor\Dialogs\DialogGridSettings.h">
      <Filter>Source - Editor\Dialogs</Filter>
    </ClInclude>
    <ClInclude Include="SourceEditor\Exporters\ExportBox2DScene.h">
      <Filter>Source - Editor\Exporters</Filter>
    </ClInclude>
    <ClInclude Include="SourceEditor\Interfaces\EditorInterface.h">
      <Filter>Source - Editor\Interfaces</Filter>
    </ClInclude>
    <ClInclude Include="SourceEditor\Interfaces\EditorInterface_2DPointEditor.h">
      <Filter>Source - Editor\Interfaces</Filter>
    </ClInclude>
    <ClInclude Include="SourceEditor\Interfaces\EditorInterface_SceneManagement.h">
      <Filter>Source - Editor\Interfaces</Filter>
    </ClInclude>
    <ClInclude Include="SourceEditor\Interfaces\EditorInterface_VoxelMeshEditor.h">
      <Filter>Source - Editor\Interfaces</Filter>
    </ClInclude>
    <ClInclude Include="SourceCommon\ComponentSystem\FrameworkComponents\Physics3D\Component3DCollisionObject.h">
      <Filter>Source\ComponentSystem\Framework Components\Physics3D</Filter>
    </ClInclude>
    <ClInclude Include="SourceCommon\ComponentSystem\FrameworkComponents\Physics3D\Component3DJointPoint2Point.h">
      <Filter>Source\ComponentSystem\Framework Components\Physics3D</Filter>
    </ClInclude>
    <ClInclude Include="SourceCommon\ComponentSystem\FrameworkComponents\Physics3D\Component3DJointBase.h">
      <Filter>Source\ComponentSystem\Framework Components\Physics3D</Filter>
    </ClInclude>
    <ClInclude Include="SourceCommon\ComponentSystem\FrameworkComponents\Physics3D\Component3DJointHinge.h">
      <Filter>Source\ComponentSystem\Framework Components\Physics3D</Filter>
    </ClInclude>
    <ClInclude Include="SourceCommon\ComponentSystem\FrameworkComponents\Physics3D\Component3DJointSlider.h">
      <Filter>Source\ComponentSystem\Framework Components\Physics3D</Filter>
    </ClInclude>
    <ClInclude Include="SourceEditor\EditorPrefs.h">
      <Filter>Source - Editor</Filter>
    </ClInclude>
    <ClInclude Include="SourceEditor\PlatformSpecific\FileOpenDialog.h">
      <Filter>Source - Editor\PlatformSpecific</Filter>
    </ClInclude>
    <ClInclude Include="SourceEditor\EditorMenuCommands.h">
      <Filter>Source - Editor</Filter>
    </ClInclude>
    <ClInclude Include="SourceEditor\EditorMainFrame.h">
      <Filter>Source - Editor</Filter>
    </ClInclude>
    <ClInclude Include="SourceEditor\EditorMainFrame_Wx.h">
      <Filter>Source - Editor</Filter>
    </ClInclude>
    <ClInclude Include="SourceCommon\GUI\ImGuiExtensions.h">
      <Filter>Source\GUI</Filter>
    </ClInclude>
    <ClInclude Include="SourceEditor\Editor_ImGui\EditorLogWindow_ImGui.h">
      <Filter>Source - Editor\Editor_ImGui</Filter>
    </ClInclude>
    <ClInclude Include="SourceEditor\Editor_ImGui\EditorMainFrame_ImGui.h">
      <Filter>Source - Editor\Editor_ImGui</Filter>
    </ClInclude>
    <ClInclude Include="SourceEditor\Editor_ImGui\ImGuiStylePrefs.h">
      <Filter>Source - Editor\Editor_ImGui</Filter>
    </ClInclude>
    <ClInclude Include="SourceCommon\GUI\ImGuiConfig.h">
      <Filter>Source\GUI</Filter>
    </ClInclude>
  </ItemGroup>
  <ItemGroup>
    <None Include="..\Libraries\imgui\README.md">
      <Filter>Libraries\imgui</Filter>
    </None>
    <None Include="..\README.md" />
    <None Include="..\VSCode-MyEngineLua\BuildVSIX.bat">
      <Filter>VSCode-MyEngineLua</Filter>
    </None>
    <None Include="..\VSCode-MyEngineLua\CHANGELOG.md">
      <Filter>VSCode-MyEngineLua</Filter>
    </None>
    <None Include="..\VSCode-MyEngineLua\package.json">
      <Filter>VSCode-MyEngineLua</Filter>
    </None>
    <None Include="..\VSCode-MyEngineLua\README.md">
      <Filter>VSCode-MyEngineLua</Filter>
    </None>
    <None Include="..\VSCode-MyEngineLua\snippets\snippets.json">
      <Filter>VSCode-MyEngineLua</Filter>
    </None>
  </ItemGroup>
</Project>